{
  "lockfileVersion": 1,
  "configVersion": 1,
  "workspaces": {
    "": {
      "name": "discord-solana-wallet-bot",
      "dependencies": {
        "@solana-program/system": "^0.12.0",
        "@solana-program/token": "^0.7.0",
        "@solana/kit": "^6.5.0",
        "@solana/sysvars": "^6.5.0",
        "wrangler": "^4.79.0",
      },
      "devDependencies": {
        "bun-types": "^1.3.11",
      },
    },
  },
  "packages": {
    "@cloudflare/kv-asset-handler": ["@cloudflare/kv-asset-handler@0.4.2", "", {}, "sha512-SIOD2DxrRRwQ+jgzlXCqoEFiKOFqaPjhnNTGKXSRLvp1HiOvapLaFG2kEr9dYQTYe8rKrd9uvDUzmAITeNyaHQ=="],

    "@cloudflare/unenv-preset": ["@cloudflare/unenv-preset@2.16.0", "", { "peerDependencies": { "unenv": "2.0.0-rc.24", "workerd": "1.20260301.1 || ~1.20260302.1 || ~1.20260303.1 || ~1.20260304.1 || >1.20260305.0 <2.0.0-0" }, "optionalPeers": ["workerd"] }, "sha512-8ovsRpwzPoEqPUzoErAYVv8l3FMZNeBVQfJTvtzP4AgLSRGZISRfuChFxHWUQd3n6cnrwkuTGxT+2cGo8EsyYg=="],

    "@cloudflare/workerd-darwin-64": ["@cloudflare/workerd-darwin-64@1.20260329.1", "", { "os": "darwin", "cpu": "x64" }, "sha512-oyDXYlPBuGXKkZ85+M3jFz0/qYmvA4AEURN8USIGPDCR5q+HFSRwywSd9neTx3Wi7jhey2wuYaEpD3fEFWyWUA=="],

    "@cloudflare/workerd-darwin-arm64": ["@cloudflare/workerd-darwin-arm64@1.20260329.1", "", { "os": "darwin", "cpu": "arm64" }, "sha512-++ZxVa3ovzYeDLEG6zMqql9gzZAG8vak6ZSBQgprGKZp7akr+GKTpw9f3RrMP552NSi3gTisroLobrrkPBtYLQ=="],

    "@cloudflare/workerd-linux-64": ["@cloudflare/workerd-linux-64@1.20260329.1", "", { "os": "linux", "cpu": "x64" }, "sha512-kkeywAgIHwbqHkVILqbj/YkfbrA6ARbmutjiYzZA2MwMSfNXlw6/kedAKOY8YwcymZIgepx3YTIPnBP50pOotw=="],

    "@cloudflare/workerd-linux-arm64": ["@cloudflare/workerd-linux-arm64@1.20260329.1", "", { "os": "linux", "cpu": "arm64" }, "sha512-eYBN20+B7XOUSWEe0mlqkMUbfLoIKjKZnpqQiSxnLbL72JKY0D/KlfN/b7RVGLpewB7i8rTrwTNr0szCKnZzSQ=="],

    "@cloudflare/workerd-windows-64": ["@cloudflare/workerd-windows-64@1.20260329.1", "", { "os": "win32", "cpu": "x64" }, "sha512-5R+/oxrDhS9nL3oA3ZWtD6ndMOqm7RfKknDNxLcmYW5DkUu7UH3J/s1t/Dz66iFePzr5BJmE7/8gbmve6TjtZQ=="],

    "@cspotcode/source-map-support": ["@cspotcode/source-map-support@0.8.1", "", { "dependencies": { "@jridgewell/trace-mapping": "0.3.9" } }, "sha512-IchNf6dN4tHoMFIn/7OE8LWZ19Y6q/67Bmf6vnGREv8RSbBVb9LPJxEcnwrcwX6ixSvaiGoomAUvu4YSxXrVgw=="],

    "@emnapi/runtime": ["@emnapi/runtime@1.9.1", "", { "dependencies": { "tslib": "^2.4.0" } }, "sha512-VYi5+ZVLhpgK4hQ0TAjiQiZ6ol0oe4mBx7mVv7IflsiEp0OWoVsp/+f9Vc1hOhE0TtkORVrI1GvzyreqpgWtkA=="],

    "@esbuild/aix-ppc64": ["@esbuild/aix-ppc64@0.27.3", "", { "os": "aix", "cpu": "ppc64" }, "sha512-9fJMTNFTWZMh5qwrBItuziu834eOCUcEqymSH7pY+zoMVEZg3gcPuBNxH1EvfVYe9h0x/Ptw8KBzv7qxb7l8dg=="],

    "@esbuild/android-arm": ["@esbuild/android-arm@0.27.3", "", { "os": "android", "cpu": "arm" }, "sha512-i5D1hPY7GIQmXlXhs2w8AWHhenb00+GxjxRncS2ZM7YNVGNfaMxgzSGuO8o8SJzRc/oZwU2bcScvVERk03QhzA=="],

    "@esbuild/android-arm64": ["@esbuild/android-arm64@0.27.3", "", { "os": "android", "cpu": "arm64" }, "sha512-YdghPYUmj/FX2SYKJ0OZxf+iaKgMsKHVPF1MAq/P8WirnSpCStzKJFjOjzsW0QQ7oIAiccHdcqjbHmJxRb/dmg=="],

    "@esbuild/android-x64": ["@esbuild/android-x64@0.27.3", "", { "os": "android", "cpu": "x64" }, "sha512-IN/0BNTkHtk8lkOM8JWAYFg4ORxBkZQf9zXiEOfERX/CzxW3Vg1ewAhU7QSWQpVIzTW+b8Xy+lGzdYXV6UZObQ=="],

    "@esbuild/darwin-arm64": ["@esbuild/darwin-arm64@0.27.3", "", { "os": "darwin", "cpu": "arm64" }, "sha512-Re491k7ByTVRy0t3EKWajdLIr0gz2kKKfzafkth4Q8A5n1xTHrkqZgLLjFEHVD+AXdUGgQMq+Godfq45mGpCKg=="],

    "@esbuild/darwin-x64": ["@esbuild/darwin-x64@0.27.3", "", { "os": "darwin", "cpu": "x64" }, "sha512-vHk/hA7/1AckjGzRqi6wbo+jaShzRowYip6rt6q7VYEDX4LEy1pZfDpdxCBnGtl+A5zq8iXDcyuxwtv3hNtHFg=="],

    "@esbuild/freebsd-arm64": ["@esbuild/freebsd-arm64@0.27.3", "", { "os": "freebsd", "cpu": "arm64" }, "sha512-ipTYM2fjt3kQAYOvo6vcxJx3nBYAzPjgTCk7QEgZG8AUO3ydUhvelmhrbOheMnGOlaSFUoHXB6un+A7q4ygY9w=="],

    "@esbuild/freebsd-x64": ["@esbuild/freebsd-x64@0.27.3", "", { "os": "freebsd", "cpu": "x64" }, "sha512-dDk0X87T7mI6U3K9VjWtHOXqwAMJBNN2r7bejDsc+j03SEjtD9HrOl8gVFByeM0aJksoUuUVU9TBaZa2rgj0oA=="],

    "@esbuild/linux-arm": ["@esbuild/linux-arm@0.27.3", "", { "os": "linux", "cpu": "arm" }, "sha512-s6nPv2QkSupJwLYyfS+gwdirm0ukyTFNl3KTgZEAiJDd+iHZcbTPPcWCcRYH+WlNbwChgH2QkE9NSlNrMT8Gfw=="],

    "@esbuild/linux-arm64": ["@esbuild/linux-arm64@0.27.3", "", { "os": "linux", "cpu": "arm64" }, "sha512-sZOuFz/xWnZ4KH3YfFrKCf1WyPZHakVzTiqji3WDc0BCl2kBwiJLCXpzLzUBLgmp4veFZdvN5ChW4Eq/8Fc2Fg=="],

    "@esbuild/linux-ia32": ["@esbuild/linux-ia32@0.27.3", "", { "os": "linux", "cpu": "ia32" }, "sha512-yGlQYjdxtLdh0a3jHjuwOrxQjOZYD/C9PfdbgJJF3TIZWnm/tMd/RcNiLngiu4iwcBAOezdnSLAwQDPqTmtTYg=="],

    "@esbuild/linux-loong64": ["@esbuild/linux-loong64@0.27.3", "", { "os": "linux", "cpu": "none" }, "sha512-WO60Sn8ly3gtzhyjATDgieJNet/KqsDlX5nRC5Y3oTFcS1l0KWba+SEa9Ja1GfDqSF1z6hif/SkpQJbL63cgOA=="],

    "@esbuild/linux-mips64el": ["@esbuild/linux-mips64el@0.27.3", "", { "os": "linux", "cpu": "none" }, "sha512-APsymYA6sGcZ4pD6k+UxbDjOFSvPWyZhjaiPyl/f79xKxwTnrn5QUnXR5prvetuaSMsb4jgeHewIDCIWljrSxw=="],

    "@esbuild/linux-ppc64": ["@esbuild/linux-ppc64@0.27.3", "", { "os": "linux", "cpu": "ppc64" }, "sha512-eizBnTeBefojtDb9nSh4vvVQ3V9Qf9Df01PfawPcRzJH4gFSgrObw+LveUyDoKU3kxi5+9RJTCWlj4FjYXVPEA=="],

    "@esbuild/linux-riscv64": ["@esbuild/linux-riscv64@0.27.3", "", { "os": "linux", "cpu": "none" }, "sha512-3Emwh0r5wmfm3ssTWRQSyVhbOHvqegUDRd0WhmXKX2mkHJe1SFCMJhagUleMq+Uci34wLSipf8Lagt4LlpRFWQ=="],

    "@esbuild/linux-s390x": ["@esbuild/linux-s390x@0.27.3", "", { "os": "linux", "cpu": "s390x" }, "sha512-pBHUx9LzXWBc7MFIEEL0yD/ZVtNgLytvx60gES28GcWMqil8ElCYR4kvbV2BDqsHOvVDRrOxGySBM9Fcv744hw=="],

    "@esbuild/linux-x64": ["@esbuild/linux-x64@0.27.3", "", { "os": "linux", "cpu": "x64" }, "sha512-Czi8yzXUWIQYAtL/2y6vogER8pvcsOsk5cpwL4Gk5nJqH5UZiVByIY8Eorm5R13gq+DQKYg0+JyQoytLQas4dA=="],

    "@esbuild/netbsd-arm64": ["@esbuild/netbsd-arm64@0.27.3", "", { "os": "none", "cpu": "arm64" }, "sha512-sDpk0RgmTCR/5HguIZa9n9u+HVKf40fbEUt+iTzSnCaGvY9kFP0YKBWZtJaraonFnqef5SlJ8/TiPAxzyS+UoA=="],

    "@esbuild/netbsd-x64": ["@esbuild/netbsd-x64@0.27.3", "", { "os": "none", "cpu": "x64" }, "sha512-P14lFKJl/DdaE00LItAukUdZO5iqNH7+PjoBm+fLQjtxfcfFE20Xf5CrLsmZdq5LFFZzb5JMZ9grUwvtVYzjiA=="],

    "@esbuild/openbsd-arm64": ["@esbuild/openbsd-arm64@0.27.3", "", { "os": "openbsd", "cpu": "arm64" }, "sha512-AIcMP77AvirGbRl/UZFTq5hjXK+2wC7qFRGoHSDrZ5v5b8DK/GYpXW3CPRL53NkvDqb9D+alBiC/dV0Fb7eJcw=="],

    "@esbuild/openbsd-x64": ["@esbuild/openbsd-x64@0.27.3", "", { "os": "openbsd", "cpu": "x64" }, "sha512-DnW2sRrBzA+YnE70LKqnM3P+z8vehfJWHXECbwBmH/CU51z6FiqTQTHFenPlHmo3a8UgpLyH3PT+87OViOh1AQ=="],

    "@esbuild/openharmony-arm64": ["@esbuild/openharmony-arm64@0.27.3", "", { "os": "none", "cpu": "arm64" }, "sha512-NinAEgr/etERPTsZJ7aEZQvvg/A6IsZG/LgZy+81wON2huV7SrK3e63dU0XhyZP4RKGyTm7aOgmQk0bGp0fy2g=="],

    "@esbuild/sunos-x64": ["@esbuild/sunos-x64@0.27.3", "", { "os": "sunos", "cpu": "x64" }, "sha512-PanZ+nEz+eWoBJ8/f8HKxTTD172SKwdXebZ0ndd953gt1HRBbhMsaNqjTyYLGLPdoWHy4zLU7bDVJztF5f3BHA=="],

    "@esbuild/win32-arm64": ["@esbuild/win32-arm64@0.27.3", "", { "os": "win32", "cpu": "arm64" }, "sha512-B2t59lWWYrbRDw/tjiWOuzSsFh1Y/E95ofKz7rIVYSQkUYBjfSgf6oeYPNWHToFRr2zx52JKApIcAS/D5TUBnA=="],

    "@esbuild/win32-ia32": ["@esbuild/win32-ia32@0.27.3", "", { "os": "win32", "cpu": "ia32" }, "sha512-QLKSFeXNS8+tHW7tZpMtjlNb7HKau0QDpwm49u0vUp9y1WOF+PEzkU84y9GqYaAVW8aH8f3GcBck26jh54cX4Q=="],

    "@esbuild/win32-x64": ["@esbuild/win32-x64@0.27.3", "", { "os": "win32", "cpu": "x64" }, "sha512-4uJGhsxuptu3OcpVAzli+/gWusVGwZZHTlS63hh++ehExkVT8SgiEf7/uC/PclrPPkLhZqGgCTjd0VWLo6xMqA=="],

    "@img/colour": ["@img/colour@1.1.0", "", {}, "sha512-Td76q7j57o/tLVdgS746cYARfSyxk8iEfRxewL9h4OMzYhbW4TAcppl0mT4eyqXddh6L/jwoM75mo7ixa/pCeQ=="],

    "@img/sharp-darwin-arm64": ["@img/sharp-darwin-arm64@0.34.5", "", { "optionalDependencies": { "@img/sharp-libvips-darwin-arm64": "1.2.4" }, "os": "darwin", "cpu": "arm64" }, "sha512-imtQ3WMJXbMY4fxb/Ndp6HBTNVtWCUI0WdobyheGf5+ad6xX8VIDO8u2xE4qc/fr08CKG/7dDseFtn6M6g/r3w=="],

    "@img/sharp-darwin-x64": ["@img/sharp-darwin-x64@0.34.5", "", { "optionalDependencies": { "@img/sharp-libvips-darwin-x64": "1.2.4" }, "os": "darwin", "cpu": "x64" }, "sha512-YNEFAF/4KQ/PeW0N+r+aVVsoIY0/qxxikF2SWdp+NRkmMB7y9LBZAVqQ4yhGCm/H3H270OSykqmQMKLBhBJDEw=="],

    "@img/sharp-libvips-darwin-arm64": ["@img/sharp-libvips-darwin-arm64@1.2.4", "", { "os": "darwin", "cpu": "arm64" }, "sha512-zqjjo7RatFfFoP0MkQ51jfuFZBnVE2pRiaydKJ1G/rHZvnsrHAOcQALIi9sA5co5xenQdTugCvtb1cuf78Vf4g=="],

    "@img/sharp-libvips-darwin-x64": ["@img/sharp-libvips-darwin-x64@1.2.4", "", { "os": "darwin", "cpu": "x64" }, "sha512-1IOd5xfVhlGwX+zXv2N93k0yMONvUlANylbJw1eTah8K/Jtpi15KC+WSiaX/nBmbm2HxRM1gZ0nSdjSsrZbGKg=="],

    "@img/sharp-libvips-linux-arm": ["@img/sharp-libvips-linux-arm@1.2.4", "", { "os": "linux", "cpu": "arm" }, "sha512-bFI7xcKFELdiNCVov8e44Ia4u2byA+l3XtsAj+Q8tfCwO6BQ8iDojYdvoPMqsKDkuoOo+X6HZA0s0q11ANMQ8A=="],

    "@img/sharp-libvips-linux-arm64": ["@img/sharp-libvips-linux-arm64@1.2.4", "", { "os": "linux", "cpu": "arm64" }, "sha512-excjX8DfsIcJ10x1Kzr4RcWe1edC9PquDRRPx3YVCvQv+U5p7Yin2s32ftzikXojb1PIFc/9Mt28/y+iRklkrw=="],

    "@img/sharp-libvips-linux-ppc64": ["@img/sharp-libvips-linux-ppc64@1.2.4", "", { "os": "linux", "cpu": "ppc64" }, "sha512-FMuvGijLDYG6lW+b/UvyilUWu5Ayu+3r2d1S8notiGCIyYU/76eig1UfMmkZ7vwgOrzKzlQbFSuQfgm7GYUPpA=="],

    "@img/sharp-libvips-linux-riscv64": ["@img/sharp-libvips-linux-riscv64@1.2.4", "", { "os": "linux", "cpu": "none" }, "sha512-oVDbcR4zUC0ce82teubSm+x6ETixtKZBh/qbREIOcI3cULzDyb18Sr/Wcyx7NRQeQzOiHTNbZFF1UwPS2scyGA=="],

    "@img/sharp-libvips-linux-s390x": ["@img/sharp-libvips-linux-s390x@1.2.4", "", { "os": "linux", "cpu": "s390x" }, "sha512-qmp9VrzgPgMoGZyPvrQHqk02uyjA0/QrTO26Tqk6l4ZV0MPWIW6LTkqOIov+J1yEu7MbFQaDpwdwJKhbJvuRxQ=="],

    "@img/sharp-libvips-linux-x64": ["@img/sharp-libvips-linux-x64@1.2.4", "", { "os": "linux", "cpu": "x64" }, "sha512-tJxiiLsmHc9Ax1bz3oaOYBURTXGIRDODBqhveVHonrHJ9/+k89qbLl0bcJns+e4t4rvaNBxaEZsFtSfAdquPrw=="],

    "@img/sharp-libvips-linuxmusl-arm64": ["@img/sharp-libvips-linuxmusl-arm64@1.2.4", "", { "os": "linux", "cpu": "arm64" }, "sha512-FVQHuwx1IIuNow9QAbYUzJ+En8KcVm9Lk5+uGUQJHaZmMECZmOlix9HnH7n1TRkXMS0pGxIJokIVB9SuqZGGXw=="],

    "@img/sharp-libvips-linuxmusl-x64": ["@img/sharp-libvips-linuxmusl-x64@1.2.4", "", { "os": "linux", "cpu": "x64" }, "sha512-+LpyBk7L44ZIXwz/VYfglaX/okxezESc6UxDSoyo2Ks6Jxc4Y7sGjpgU9s4PMgqgjj1gZCylTieNamqA1MF7Dg=="],

    "@img/sharp-linux-arm": ["@img/sharp-linux-arm@0.34.5", "", { "optionalDependencies": { "@img/sharp-libvips-linux-arm": "1.2.4" }, "os": "linux", "cpu": "arm" }, "sha512-9dLqsvwtg1uuXBGZKsxem9595+ujv0sJ6Vi8wcTANSFpwV/GONat5eCkzQo/1O6zRIkh0m/8+5BjrRr7jDUSZw=="],

    "@img/sharp-linux-arm64": ["@img/sharp-linux-arm64@0.34.5", "", { "optionalDependencies": { "@img/sharp-libvips-linux-arm64": "1.2.4" }, "os": "linux", "cpu": "arm64" }, "sha512-bKQzaJRY/bkPOXyKx5EVup7qkaojECG6NLYswgktOZjaXecSAeCWiZwwiFf3/Y+O1HrauiE3FVsGxFg8c24rZg=="],

    "@img/sharp-linux-ppc64": ["@img/sharp-linux-ppc64@0.34.5", "", { "optionalDependencies": { "@img/sharp-libvips-linux-ppc64": "1.2.4" }, "os": "linux", "cpu": "ppc64" }, "sha512-7zznwNaqW6YtsfrGGDA6BRkISKAAE1Jo0QdpNYXNMHu2+0dTrPflTLNkpc8l7MUP5M16ZJcUvysVWWrMefZquA=="],

    "@img/sharp-linux-riscv64": ["@img/sharp-linux-riscv64@0.34.5", "", { "optionalDependencies": { "@img/sharp-libvips-linux-riscv64": "1.2.4" }, "os": "linux", "cpu": "none" }, "sha512-51gJuLPTKa7piYPaVs8GmByo7/U7/7TZOq+cnXJIHZKavIRHAP77e3N2HEl3dgiqdD/w0yUfiJnII77PuDDFdw=="],

    "@img/sharp-linux-s390x": ["@img/sharp-linux-s390x@0.34.5", "", { "optionalDependencies": { "@img/sharp-libvips-linux-s390x": "1.2.4" }, "os": "linux", "cpu": "s390x" }, "sha512-nQtCk0PdKfho3eC5MrbQoigJ2gd1CgddUMkabUj+rBevs8tZ2cULOx46E7oyX+04WGfABgIwmMC0VqieTiR4jg=="],

    "@img/sharp-linux-x64": ["@img/sharp-linux-x64@0.34.5", "", { "optionalDependencies": { "@img/sharp-libvips-linux-x64": "1.2.4" }, "os": "linux", "cpu": "x64" }, "sha512-MEzd8HPKxVxVenwAa+JRPwEC7QFjoPWuS5NZnBt6B3pu7EG2Ge0id1oLHZpPJdn3OQK+BQDiw9zStiHBTJQQQQ=="],

    "@img/sharp-linuxmusl-arm64": ["@img/sharp-linuxmusl-arm64@0.34.5", "", { "optionalDependencies": { "@img/sharp-libvips-linuxmusl-arm64": "1.2.4" }, "os": "linux", "cpu": "arm64" }, "sha512-fprJR6GtRsMt6Kyfq44IsChVZeGN97gTD331weR1ex1c1rypDEABN6Tm2xa1wE6lYb5DdEnk03NZPqA7Id21yg=="],

    "@img/sharp-linuxmusl-x64": ["@img/sharp-linuxmusl-x64@0.34.5", "", { "optionalDependencies": { "@img/sharp-libvips-linuxmusl-x64": "1.2.4" }, "os": "linux", "cpu": "x64" }, "sha512-Jg8wNT1MUzIvhBFxViqrEhWDGzqymo3sV7z7ZsaWbZNDLXRJZoRGrjulp60YYtV4wfY8VIKcWidjojlLcWrd8Q=="],

    "@img/sharp-wasm32": ["@img/sharp-wasm32@0.34.5", "", { "dependencies": { "@emnapi/runtime": "^1.7.0" }, "cpu": "none" }, "sha512-OdWTEiVkY2PHwqkbBI8frFxQQFekHaSSkUIJkwzclWZe64O1X4UlUjqqqLaPbUpMOQk6FBu/HtlGXNblIs0huw=="],

    "@img/sharp-win32-arm64": ["@img/sharp-win32-arm64@0.34.5", "", { "os": "win32", "cpu": "arm64" }, "sha512-WQ3AgWCWYSb2yt+IG8mnC6Jdk9Whs7O0gxphblsLvdhSpSTtmu69ZG1Gkb6NuvxsNACwiPV6cNSZNzt0KPsw7g=="],

    "@img/sharp-win32-ia32": ["@img/sharp-win32-ia32@0.34.5", "", { "os": "win32", "cpu": "ia32" }, "sha512-FV9m/7NmeCmSHDD5j4+4pNI8Cp3aW+JvLoXcTUo0IqyjSfAZJ8dIUmijx1qaJsIiU+Hosw6xM5KijAWRJCSgNg=="],

    "@img/sharp-win32-x64": ["@img/sharp-win32-x64@0.34.5", "", { "os": "win32", "cpu": "x64" }, "sha512-+29YMsqY2/9eFEiW93eqWnuLcWcufowXewwSNIT6UwZdUUCrM3oFjMWH/Z6/TMmb4hlFenmfAVbpWeup2jryCw=="],

    "@jridgewell/resolve-uri": ["@jridgewell/resolve-uri@3.1.2", "", {}, "sha512-bRISgCIjP20/tbWSPWMEi54QVPRZExkuD9lJL+UIxUKtwVJA8wW1Trb1jMs1RFXo1CBTNZ/5hpC9QvmKWdopKw=="],

    "@jridgewell/sourcemap-codec": ["@jridgewell/sourcemap-codec@1.5.5", "", {}, "sha512-cYQ9310grqxueWbl+WuIUIaiUaDcj7WOq5fVhEljNVgRfOUhY9fy2zTvfoqWsnebh8Sl70VScFbICvJnLKB0Og=="],

    "@jridgewell/trace-mapping": ["@jridgewell/trace-mapping@0.3.9", "", { "dependencies": { "@jridgewell/resolve-uri": "^3.0.3", "@jridgewell/sourcemap-codec": "^1.4.10" } }, "sha512-3Belt6tdc8bPgAtbcmdtNJlirVoTmEb5e2gC94PnkwEW9jI6CAHUeoG85tjWP5WquqfavoMtMwiG4P926ZKKuQ=="],

    "@poppinss/colors": ["@poppinss/colors@4.1.6", "", { "dependencies": { "kleur": "^4.1.5" } }, "sha512-H9xkIdFswbS8n1d6vmRd8+c10t2Qe+rZITbbDHHkQixH5+2x1FDGmi/0K+WgWiqQFKPSlIYB7jlH6Kpfn6Fleg=="],

    "@poppinss/dumper": ["@poppinss/dumper@0.6.5", "", { "dependencies": { "@poppinss/colors": "^4.1.5", "@sindresorhus/is": "^7.0.2", "supports-color": "^10.0.0" } }, "sha512-NBdYIb90J7LfOI32dOewKI1r7wnkiH6m920puQ3qHUeZkxNkQiFnXVWoE6YtFSv6QOiPPf7ys6i+HWWecDz7sw=="],

    "@poppinss/exception": ["@poppinss/exception@1.2.3", "", {}, "sha512-dCED+QRChTVatE9ibtoaxc+WkdzOSjYTKi/+uacHWIsfodVfpsueo3+DKpgU5Px8qXjgmXkSvhXvSCz3fnP9lw=="],

    "@sindresorhus/is": ["@sindresorhus/is@7.2.0", "", {}, "sha512-P1Cz1dWaFfR4IR+U13mqqiGsLFf1KbayybWwdd2vfctdV6hDpUkgCY0nKOLLTMSoRd/jJNjtbqzf13K8DCCXQw=="],

    "@solana-program/system": ["@solana-program/system@0.12.0", "", { "peerDependencies": { "@solana/kit": "^6.1.0" } }, "sha512-ZnAAWeGVMWNtJhw3GdifI2HnhZ0A0H0qs8tBkcFvxp/8wIavvO+GOM4Jd0N22u2+Lni2zcwvcrxrsxj6Mjphng=="],

    "@solana-program/token": ["@solana-program/token@0.7.0", "", { "peerDependencies": { "@solana/kit": "^4.0" } }, "sha512-Rx9vTsU15lLbjLmzrnLhPG4ZBlzkvyr7sRAH5ciA3dtSocpprkMEHQslDteE9+5rKkuYoIUl7Qki4l2IMY0P2w=="],

    "@solana/accounts": ["@solana/accounts@6.5.0", "", { "dependencies": { "@solana/addresses": "6.5.0", "@solana/codecs-core": "6.5.0", "@solana/codecs-strings": "6.5.0", "@solana/errors": "6.5.0", "@solana/rpc-spec": "6.5.0", "@solana/rpc-types": "6.5.0" }, "peerDependencies": { "typescript": "^5.0.0" }, "optionalPeers": ["typescript"] }, "sha512-h3zQFjwZjmy+YxgTGOEna6g74Tsn4hTBaBCslwPT4QjqWhywe2JrM2Ab0ANfJcj7g/xrHF5QJ/FnUIcyUTeVfQ=="],

    "@solana/addresses": ["@solana/addresses@6.5.0", "", { "dependencies": { "@solana/assertions": "6.5.0", "@solana/codecs-core": "6.5.0", "@solana/codecs-strings": "6.5.0", "@solana/errors": "6.5.0", "@solana/nominal-types": "6.5.0" }, "peerDependencies": { "typescript": "^5.0.0" }, "optionalPeers": ["typescript"] }, "sha512-iD4/u3CWchQcPofbwzteaE9RnFJSoi654Rnhru5fOu6U2XOte3+7t50d6OxdxQ109ho2LqZyVtyCo2Wb7u1aJQ=="],

    "@solana/assertions": ["@solana/assertions@6.5.0", "", { "dependencies": { "@solana/errors": "6.5.0" }, "peerDependencies": { "typescript": "^5.0.0" }, "optionalPeers": ["typescript"] }, "sha512-rEAf40TtC9r6EtJFLe39WID4xnTNT6hdOVRfD1xDzmIQdVOyGgIbJGt2FAuB/uQDKLWneWMnvGDBim+K61Bljw=="],

    "@solana/codecs": ["@solana/codecs@6.5.0", "", { "dependencies": { "@solana/codecs-core": "6.5.0", "@solana/codecs-data-structures": "6.5.0", "@solana/codecs-numbers": "6.5.0", "@solana/codecs-strings": "6.5.0", "@solana/options": "6.5.0" }, "peerDependencies": { "typescript": "^5.0.0" }, "optionalPeers": ["typescript"] }, "sha512-WfqMqUXk4jcCJQ9nfKqjDcCJN2Pt8/AKe/E78z8OcblFGVJnTzcu2yZpE2gsqM+DJyCVKdQmOY+NS8Uckk5e5w=="],

    "@solana/codecs-core": ["@solana/codecs-core@6.5.0", "", { "dependencies": { "@solana/errors": "6.5.0" }, "peerDependencies": { "typescript": "^5.0.0" }, "optionalPeers": ["typescript"] }, "sha512-Wb+YUj7vUKz5CxqZkrkugtQjxOP2fkMKnffySRlAmVAkpRnQvBY/2eP3VJAKTgDD4ru9xHSIQSpDu09hC/cQZg=="],

    "@solana/codecs-data-structures": ["@solana/codecs-data-structures@6.5.0", "", { "dependencies": { "@solana/codecs-core": "6.5.0", "@solana/codecs-numbers": "6.5.0", "@solana/errors": "6.5.0" }, "peerDependencies": { "typescript": "^5.0.0" }, "optionalPeers": ["typescript"] }, "sha512-Rxi5zVJ1YA+E6FoSQ7RHP+3DF4U7ski0mJ3H5CsYQP24QLRlBqWB3X6m2n9GHT5O3s49UR0sqeF4oyq0lF8bKw=="],

    "@solana/codecs-numbers": ["@solana/codecs-numbers@6.5.0", "", { "dependencies": { "@solana/codecs-core": "6.5.0", "@solana/errors": "6.5.0" }, "peerDependencies": { "typescript": "^5.0.0" }, "optionalPeers": ["typescript"] }, "sha512-gU/7eYqD+zl2Kwzo7ctt7YHaxF+c3RX164F+iU4X02dwq8DGVcypp+kmEF1QaO6OiShtdryTxhL+JJmEBjhdfA=="],

    "@solana/codecs-strings": ["@solana/codecs-strings@6.5.0", "", { "dependencies": { "@solana/codecs-core": "6.5.0", "@solana/codecs-numbers": "6.5.0", "@solana/errors": "6.5.0" }, "peerDependencies": { "fastestsmallesttextencoderdecoder": "^1.0.22", "typescript": "^5.0.0" }, "optionalPeers": ["fastestsmallesttextencoderdecoder", "typescript"] }, "sha512-9TuQQxumA9gWJeJzbv1GUg0+o0nZp204EijX3efR+lgBOKbkU7W0UWp33ygAZ+RvWE+kTs48ePoYoJ7UHpyxkQ=="],

    "@solana/errors": ["@solana/errors@6.5.0", "", { "dependencies": { "chalk": "5.6.2", "commander": "14.0.3" }, "peerDependencies": { "typescript": "^5.0.0" }, "optionalPeers": ["typescript"], "bin": { "errors": "bin/cli.mjs" } }, "sha512-XPc0I8Ck6vgx8Uu+LVLewx/1RWDkXkY3lU+1aN1kmbrPAQWbX4Txk7GPmuIIFpyys8o5aKocYfNxJOPKvfaQhg=="],

    "@solana/fast-stable-stringify": ["@solana/fast-stable-stringify@6.5.0", "", { "peerDependencies": { "typescript": "^5.0.0" }, "optionalPeers": ["typescript"] }, "sha512-5ATQDwBVZMoenX5KS23uFswtaAGoaZB9TthzUXle3tkU3tOfgQTuEWEoqEBYc7ct0sK6LtyE1XXT/NP5YvAkkQ=="],

    "@solana/functional": ["@solana/functional@6.5.0", "", { "peerDependencies": { "typescript": "^5.0.0" }, "optionalPeers": ["typescript"] }, "sha512-/KYgY7ZpBJfkN8+qlIvxuBpxv32U9jHXIOOJh3U5xk8Ncsa9Ex5VwbU9NkOf43MJjoIamsP0vARCHjcqJwe5JQ=="],

    "@solana/instruction-plans": ["@solana/instruction-plans@6.5.0", "", { "dependencies": { "@solana/errors": "6.5.0", "@solana/instructions": "6.5.0", "@solana/keys": "6.5.0", "@solana/promises": "6.5.0", "@solana/transaction-messages": "6.5.0", "@solana/transactions": "6.5.0" }, "peerDependencies": { "typescript": "^5.0.0" }, "optionalPeers": ["typescript"] }, "sha512-zp2asevpyMwvhajHYM1aruYpO+xf3LSwHEI2FK6E2hddYZaEhuBy+bz+NZ1ixCyfx3iXcq7MamlFQc2ySHDyUQ=="],

    "@solana/instructions": ["@solana/instructions@6.5.0", "", { "dependencies": { "@solana/codecs-core": "6.5.0", "@solana/errors": "6.5.0" }, "peerDependencies": { "typescript": "^5.0.0" }, "optionalPeers": ["typescript"] }, "sha512-2mQP/1qqr5PCfaVMzs9KofBjpyS7J1sBV6PidGoX9Dg5/4UgwJJ+7yfCVQPn37l1nKCShm4I+pQAy5vbmrxJmA=="],

    "@solana/keys": ["@solana/keys@6.5.0", "", { "dependencies": { "@solana/assertions": "6.5.0", "@solana/codecs-core": "6.5.0", "@solana/codecs-strings": "6.5.0", "@solana/errors": "6.5.0", "@solana/nominal-types": "6.5.0" }, "peerDependencies": { "typescript": "^5.0.0" }, "optionalPeers": ["typescript"] }, "sha512-CN5jmodX9j5CZKrWLM5XGaRlrLl/Ebl4vgqDXrnwC2NiSfUslLsthuORMuVUTDqkzBX/jd/tgVXFRH2NYNzREQ=="],

    "@solana/kit": ["@solana/kit@6.5.0", "", { "dependencies": { "@solana/accounts": "6.5.0", "@solana/addresses": "6.5.0", "@solana/codecs": "6.5.0", "@solana/errors": "6.5.0", "@solana/functional": "6.5.0", "@solana/instruction-plans": "6.5.0", "@solana/instructions": "6.5.0", "@solana/keys": "6.5.0", "@solana/offchain-messages": "6.5.0", "@solana/plugin-core": "6.5.0", "@solana/plugin-interfaces": "6.5.0", "@solana/program-client-core": "6.5.0", "@solana/programs": "6.5.0", "@solana/rpc": "6.5.0", "@solana/rpc-api": "6.5.0", "@solana/rpc-parsed-types": "6.5.0", "@solana/rpc-spec-types": "6.5.0", "@solana/rpc-subscriptions": "6.5.0", "@solana/rpc-types": "6.5.0", "@solana/signers": "6.5.0", "@solana/sysvars": "6.5.0", "@solana/transaction-confirmation": "6.5.0", "@solana/transaction-messages": "6.5.0", "@solana/transactions": "6.5.0" }, "peerDependencies": { "typescript": "^5.0.0" }, "optionalPeers": ["typescript"] }, "sha512-4ysrtqMRd7CTYRv179gQq4kbw9zMsJCLhWjiyOmLZ4co4ld3L654D8ykW7yqWE5PJwF0hzEfheE7oBscO37nvw=="],

    "@solana/nominal-types": ["@solana/nominal-types@6.5.0", "", { "peerDependencies": { "typescript": "^5.0.0" }, "optionalPeers": ["typescript"] }, "sha512-HngIM2nlaDPXk0EDX0PklFqpjGDKuOFnlEKS0bfr2F9CorFwiNhNjhb9lPH+FdgsogD1wJ8wgLMMk1LZWn5kgQ=="],

    "@solana/offchain-messages": ["@solana/offchain-messages@6.5.0", "", { "dependencies": { "@solana/addresses": "6.5.0", "@solana/codecs-core": "6.5.0", "@solana/codecs-data-structures": "6.5.0", "@solana/codecs-numbers": "6.5.0", "@solana/codecs-strings": "6.5.0", "@solana/errors": "6.5.0", "@solana/keys": "6.5.0", "@solana/nominal-types": "6.5.0" }, "peerDependencies": { "typescript": "^5.0.0" }, "optionalPeers": ["typescript"] }, "sha512-IYuidJCwfXg5xlh3rkflkA1fbTKWTsip8MdI+znvXm87grfqOYCTd6t/SKiV4BhLl/65Tn0wB/zvZ1cmzJqa1w=="],

    "@solana/options": ["@solana/options@6.5.0", "", { "dependencies": { "@solana/codecs-core": "6.5.0", "@solana/codecs-data-structures": "6.5.0", "@solana/codecs-numbers": "6.5.0", "@solana/codecs-strings": "6.5.0", "@solana/errors": "6.5.0" }, "peerDependencies": { "typescript": "^5.0.0" }, "optionalPeers": ["typescript"] }, "sha512-jdZjSKGCQpsMFK+3CiUEI7W9iGsndi46R4Abk66ULNLDoMsjvfqNy8kqktm0TN0++EX8dKEecpFwxFaA4VlY5g=="],

    "@solana/plugin-core": ["@solana/plugin-core@6.5.0", "", { "peerDependencies": { "typescript": "^5.0.0" }, "optionalPeers": ["typescript"] }, "sha512-L6N69oNQOAqljH4GnLTaxpwJB0nibW9DrybHZxpGWshyv6b/EvwvkDVRKj5bNqtCG+HRZUHnEhLi1UgZVNkjpQ=="],

    "@solana/plugin-interfaces": ["@solana/plugin-interfaces@6.5.0", "", { "dependencies": { "@solana/addresses": "6.5.0", "@solana/instruction-plans": "6.5.0", "@solana/keys": "6.5.0", "@solana/rpc-spec": "6.5.0", "@solana/rpc-subscriptions-spec": "6.5.0", "@solana/rpc-types": "6.5.0", "@solana/signers": "6.5.0" }, "peerDependencies": { "typescript": "^5.0.0" }, "optionalPeers": ["typescript"] }, "sha512-/ZlybbMaR7P4ySersOe1huioMADWze0AzsHbzgkpt5dJUv2tz5cpaKdu7TEVQkUZAFhLdqXQULNGqAU5neOgzg=="],

    "@solana/program-client-core": ["@solana/program-client-core@6.5.0", "", { "dependencies": { "@solana/accounts": "6.5.0", "@solana/addresses": "6.5.0", "@solana/codecs-core": "6.5.0", "@solana/errors": "6.5.0", "@solana/instruction-plans": "6.5.0", "@solana/instructions": "6.5.0", "@solana/plugin-interfaces": "6.5.0", "@solana/rpc-api": "6.5.0", "@solana/signers": "6.5.0" }, "peerDependencies": { "typescript": "^5.0.0" }, "optionalPeers": ["typescript"] }, "sha512-eUz1xSeDKySGIjToAryPmlESdj8KX0Np7R+Pjt+kSFGw5Jgmn/Inh4o8luoeEnf5XwbvSPVb4aHpIsDyoUVbIg=="],

    "@solana/programs": ["@solana/programs@6.5.0", "", { "dependencies": { "@solana/addresses": "6.5.0", "@solana/errors": "6.5.0" }, "peerDependencies": { "typescript": "^5.0.0" }, "optionalPeers": ["typescript"] }, "sha512-srn3nEROBxCnBpVz/bvLkVln1BZtk3bS3nuReu3yaeOLkKl8b0h1Zp0YmXVyXHzdMcYahsTvKKLR1ZtLZEyEPA=="],

    "@solana/promises": ["@solana/promises@6.5.0", "", { "peerDependencies": { "typescript": "^5.0.0" }, "optionalPeers": ["typescript"] }, "sha512-n5rsA3YwOO2nUst6ghuVw6RSnuZQYqevqBKqVYbw11Z4XezsoQ6hb78opW3J9YNYapw9wLWy6tEfUsJjY+xtGw=="],

    "@solana/rpc": ["@solana/rpc@6.5.0", "", { "dependencies": { "@solana/errors": "6.5.0", "@solana/fast-stable-stringify": "6.5.0", "@solana/functional": "6.5.0", "@solana/rpc-api": "6.5.0", "@solana/rpc-spec": "6.5.0", "@solana/rpc-spec-types": "6.5.0", "@solana/rpc-transformers": "6.5.0", "@solana/rpc-transport-http": "6.5.0", "@solana/rpc-types": "6.5.0" }, "peerDependencies": { "typescript": "^5.0.0" }, "optionalPeers": ["typescript"] }, "sha512-lGj7ZMVOR3Rf16aByXD6ghrMqw3G8rAMuWCHU4uMKES5M5VLqNv6o71bSyoTxVMGrmYdbALOvCbFMFINAxtoBg=="],

    "@solana/rpc-api": ["@solana/rpc-api@6.5.0", "", { "dependencies": { "@solana/addresses": "6.5.0", "@solana/codecs-core": "6.5.0", "@solana/codecs-strings": "6.5.0", "@solana/errors": "6.5.0", "@solana/keys": "6.5.0", "@solana/rpc-parsed-types": "6.5.0", "@solana/rpc-spec": "6.5.0", "@solana/rpc-transformers": "6.5.0", "@solana/rpc-types": "6.5.0", "@solana/transaction-messages": "6.5.0", "@solana/transactions": "6.5.0" }, "peerDependencies": { "typescript": "^5.0.0" }, "optionalPeers": ["typescript"] }, "sha512-b+kftroO8vZFzLHj7Nk/uATS3HOlBUsUqdGg3eTQrW1pFgkyq5yIoEYHeFF7ApUN/SJLTK86U8ofCaXabd2SXA=="],

    "@solana/rpc-parsed-types": ["@solana/rpc-parsed-types@6.5.0", "", { "peerDependencies": { "typescript": "^5.0.0" }, "optionalPeers": ["typescript"] }, "sha512-129c8meL6CxRg56/HfhkFOpwYteQH9Rt0wyXOXZQx3a3FNpcJLd4JdPvxDsLBE3EupEkXLGVku/1bGKz+F2J+g=="],

    "@solana/rpc-spec": ["@solana/rpc-spec@6.5.0", "", { "dependencies": { "@solana/errors": "6.5.0", "@solana/rpc-spec-types": "6.5.0" }, "peerDependencies": { "typescript": "^5.0.0" }, "optionalPeers": ["typescript"] }, "sha512-k4O7Kg0QfVyjUqQovL+WZJ1iuPzq0jiUDcWYgvzFjYVxQDVOIZmAol7yTvLEL4maVmf0tNFDsrDaB6t75MKRZA=="],

    "@solana/rpc-spec-types": ["@solana/rpc-spec-types@6.5.0", "", { "peerDependencies": { "typescript": "^5.0.0" }, "optionalPeers": ["typescript"] }, "sha512-XasJp+sOW6PLfNoalzoLnm+j3LEZF8XOQmSrOqv9AGrGxQckkuOf6iXZucWTqeNKdstsOpU28BN2B6qOavfRzQ=="],

    "@solana/rpc-subscriptions": ["@solana/rpc-subscriptions@6.5.0", "", { "dependencies": { "@solana/errors": "6.5.0", "@solana/fast-stable-stringify": "6.5.0", "@solana/functional": "6.5.0", "@solana/promises": "6.5.0", "@solana/rpc-spec-types": "6.5.0", "@solana/rpc-subscriptions-api": "6.5.0", "@solana/rpc-subscriptions-channel-websocket": "6.5.0", "@solana/rpc-subscriptions-spec": "6.5.0", "@solana/rpc-transformers": "6.5.0", "@solana/rpc-types": "6.5.0", "@solana/subscribable": "6.5.0" }, "peerDependencies": { "typescript": "^5.0.0" }, "optionalPeers": ["typescript"] }, "sha512-EenogPQw9Iy8VUj8anu7xoBnPk7gu1J6sAi4MTVlNVz02sNjdUBJoSS0PRJZuhSM1ktPTtHrNwqlXP8TxPR7jg=="],

    "@solana/rpc-subscriptions-api": ["@solana/rpc-subscriptions-api@6.5.0", "", { "dependencies": { "@solana/addresses": "6.5.0", "@solana/keys": "6.5.0", "@solana/rpc-subscriptions-spec": "6.5.0", "@solana/rpc-transformers": "6.5.0", "@solana/rpc-types": "6.5.0", "@solana/transaction-messages": "6.5.0", "@solana/transactions": "6.5.0" }, "peerDependencies": { "typescript": "^5.0.0" }, "optionalPeers": ["typescript"] }, "sha512-smqNjT2C5Vf9nWGIwiYOLOP744gRWKi2i2g0i3ZVdsfoouvB0d/WTQ2bbWq47MrdV8FSuGnjAOM3dRIwYmYOWw=="],

    "@solana/rpc-subscriptions-channel-websocket": ["@solana/rpc-subscriptions-channel-websocket@6.5.0", "", { "dependencies": { "@solana/errors": "6.5.0", "@solana/functional": "6.5.0", "@solana/rpc-subscriptions-spec": "6.5.0", "@solana/subscribable": "6.5.0", "ws": "^8.19.0" }, "peerDependencies": { "typescript": "^5.0.0" }, "optionalPeers": ["typescript"] }, "sha512-xRKH3ZwIoV9Zua9Gp0RR0eL8lXNgx+iNIkE3F0ROlOzI48lt4lRJ7jLrHQCN3raVtkatFVuEyZ7e9eLHK9zhAw=="],

    "@solana/rpc-subscriptions-spec": ["@solana/rpc-subscriptions-spec@6.5.0", "", { "dependencies": { "@solana/errors": "6.5.0", "@solana/promises": "6.5.0", "@solana/rpc-spec-types": "6.5.0", "@solana/subscribable": "6.5.0" }, "peerDependencies": { "typescript": "^5.0.0" }, "optionalPeers": ["typescript"] }, "sha512-Mi8g9rNS2lG7lyNkDhOVfQVfDC7hXKgH+BlI5qKGk+8cfyU7VDq6tVjDysu6kBWGOPHZxyCvcL6+xW/EkdVoAg=="],

    "@solana/rpc-transformers": ["@solana/rpc-transformers@6.5.0", "", { "dependencies": { "@solana/errors": "6.5.0", "@solana/functional": "6.5.0", "@solana/nominal-types": "6.5.0", "@solana/rpc-spec-types": "6.5.0", "@solana/rpc-types": "6.5.0" }, "peerDependencies": { "typescript": "^5.0.0" }, "optionalPeers": ["typescript"] }, "sha512-kS0d+LuuSLfsod2cm2xp0mNj65PL1aomwu6VKtubmsdESwPXHIaI9XrpkPCBuhNSz1SwVp4OkfK5O/VOOHYHSw=="],

    "@solana/rpc-transport-http": ["@solana/rpc-transport-http@6.5.0", "", { "dependencies": { "@solana/errors": "6.5.0", "@solana/rpc-spec": "6.5.0", "@solana/rpc-spec-types": "6.5.0", "undici-types": "^7.22.0" }, "peerDependencies": { "typescript": "^5.0.0" }, "optionalPeers": ["typescript"] }, "sha512-A3qgDGiUIHdtAfc2OyazlQa7IvRh+xyl0dmzaZlz4rY7Oc7Xk8jmXtaKGkgXihLyAK3oVSqSz5gn9yEfx55eXA=="],

    "@solana/rpc-types": ["@solana/rpc-types@6.5.0", "", { "dependencies": { "@solana/addresses": "6.5.0", "@solana/codecs-core": "6.5.0", "@solana/codecs-numbers": "6.5.0", "@solana/codecs-strings": "6.5.0", "@solana/errors": "6.5.0", "@solana/nominal-types": "6.5.0" }, "peerDependencies": { "typescript": "^5.0.0" }, "optionalPeers": ["typescript"] }, "sha512-hxts27+Z2VNv4IjXGcXkqbj/MgrN9Xtw/4iE1qZk68T2OAb5vA4b8LHchsOHmHvrzZfo8XDvB9mModCdM3JPsQ=="],

    "@solana/signers": ["@solana/signers@6.5.0", "", { "dependencies": { "@solana/addresses": "6.5.0", "@solana/codecs-core": "6.5.0", "@solana/errors": "6.5.0", "@solana/instructions": "6.5.0", "@solana/keys": "6.5.0", "@solana/nominal-types": "6.5.0", "@solana/offchain-messages": "6.5.0", "@solana/transaction-messages": "6.5.0", "@solana/transactions": "6.5.0" }, "peerDependencies": { "typescript": "^5.0.0" }, "optionalPeers": ["typescript"] }, "sha512-AL75/DyDUhc+QQ+VGZT7aRwJNzIUTWvmLNXQRlCVhLRuyroXzZEL2WJBs8xOwbZXjY8weacfYT7UNM8qK6ucDg=="],

    "@solana/subscribable": ["@solana/subscribable@6.5.0", "", { "dependencies": { "@solana/errors": "6.5.0" }, "peerDependencies": { "typescript": "^5.0.0" }, "optionalPeers": ["typescript"] }, "sha512-Jmy2NYmQN68FsQzKJ5CY3qrxXBJdb5qtJKp8B4byPPO5liKNIsC59HpT0Tq8MCNSfBMmOkWF2rrVot2/g1iB1A=="],

    "@solana/sysvars": ["@solana/sysvars@6.5.0", "", { "dependencies": { "@solana/accounts": "6.5.0", "@solana/codecs-core": "6.5.0", "@solana/codecs-data-structures": "6.5.0", "@solana/codecs-numbers": "6.5.0", "@solana/errors": "6.5.0", "@solana/rpc-types": "6.5.0" }, "peerDependencies": { "typescript": "^5.0.0" }, "optionalPeers": ["typescript"] }, "sha512-iLSS5qj0MWNiGH1LN1E4jhGsXH9D3tWSjwaB6zK9LjhLdVYcPfkosBkj7s0EHHrH03QlwiuFdU0Y2kH8Jcp8kw=="],

    "@solana/transaction-confirmation": ["@solana/transaction-confirmation@6.5.0", "", { "dependencies": { "@solana/addresses": "6.5.0", "@solana/codecs-strings": "6.5.0", "@solana/errors": "6.5.0", "@solana/keys": "6.5.0", "@solana/promises": "6.5.0", "@solana/rpc": "6.5.0", "@solana/rpc-subscriptions": "6.5.0", "@solana/rpc-types": "6.5.0", "@solana/transaction-messages": "6.5.0", "@solana/transactions": "6.5.0" }, "peerDependencies": { "typescript": "^5.0.0" }, "optionalPeers": ["typescript"] }, "sha512-hfdRBq4toZj7DRMgBN3F0VtJpmTAEtcVTTDZoiszoSpSVa2cAvFth6KypIqASVFZyi9t4FKolLP8ASd3/39UQg=="],

    "@solana/transaction-messages": ["@solana/transaction-messages@6.5.0", "", { "dependencies": { "@solana/addresses": "6.5.0", "@solana/codecs-core": "6.5.0", "@solana/codecs-data-structures": "6.5.0", "@solana/codecs-numbers": "6.5.0", "@solana/errors": "6.5.0", "@solana/functional": "6.5.0", "@solana/instructions": "6.5.0", "@solana/nominal-types": "6.5.0", "@solana/rpc-types": "6.5.0" }, "peerDependencies": { "typescript": "^5.0.0" }, "optionalPeers": ["typescript"] }, "sha512-ueXkm5xaRlqYBFAlABhaCKK/DuzIYSot0FybwSDeOQCDy2hvU9Zda16Iwa1n56M0fG+XUvFJz2woG3u9DhQh1g=="],

    "@solana/transactions": ["@solana/transactions@6.5.0", "", { "dependencies": { "@solana/addresses": "6.5.0", "@solana/codecs-core": "6.5.0", "@solana/codecs-data-structures": "6.5.0", "@solana/codecs-numbers": "6.5.0", "@solana/codecs-strings": "6.5.0", "@solana/errors": "6.5.0", "@solana/functional": "6.5.0", "@solana/instructions": "6.5.0", "@solana/keys": "6.5.0", "@solana/nominal-types": "6.5.0", "@solana/rpc-types": "6.5.0", "@solana/transaction-messages": "6.5.0" }, "peerDependencies": { "typescript": "^5.0.0" }, "optionalPeers": ["typescript"] }, "sha512-b3eJrrGmwpk64VLHjOrmXKAahPpba42WX/FqSUn4WRXPoQjga7Mb57yp+EaRVeQfjszKCkF+13yu+ni6iv2NFQ=="],

    "@speed-highlight/core": ["@speed-highlight/core@1.2.15", "", {}, "sha512-BMq1K3DsElxDWawkX6eLg9+CKJrTVGCBAWVuHXVUV2u0s2711qiChLSId6ikYPfxhdYocLNt3wWwSvDiTvFabw=="],

    "@types/node": ["@types/node@12.20.55", "", {}, "sha512-J8xLz7q2OFulZ2cyGTLE1TbbZcjpno7FaN6zdJNrgAdrJ+DZzh/uFR6YrTb4C+nXakvud8Q4+rbhoIWlYQbUFQ=="],

    "blake3-wasm": ["blake3-wasm@2.1.5", "", {}, "sha512-F1+K8EbfOZE49dtoPtmxUQrpXaBIl3ICvasLh+nJta0xkz+9kF/7uet9fLnwKqhDrmj6g+6K3Tw9yQPUg2ka5g=="],

    "bufferutil": ["bufferutil@4.1.0", "", { "dependencies": { "node-gyp-build": "^4.3.0" } }, "sha512-ZMANVnAixE6AWWnPzlW2KpUrxhm9woycYvPOo67jWHyFowASTEd9s+QN1EIMsSDtwhIxN4sWE1jotpuDUIgyIw=="],

    "bun-types": ["bun-types@1.3.11", "", { "dependencies": { "@types/node": "*" } }, "sha512-1KGPpoxQWl9f6wcZh57LvrPIInQMn2TQ7jsgxqpRzg+l0QPOFvJVH7HmvHo/AiPgwXy+/Thf6Ov3EdVn1vOabg=="],

    "chalk": ["chalk@5.6.2", "", {}, "sha512-7NzBL0rN6fMUW+f7A6Io4h40qQlG+xGmtMxfbnH/K7TAtt8JQWVQK+6g0UXKMeVJoyV5EkkNsErQ8pVD3bLHbA=="],

    "commander": ["commander@14.0.3", "", {}, "sha512-H+y0Jo/T1RZ9qPP4Eh1pkcQcLRglraJaSLoyOtHxu6AapkjWVCy2Sit1QQ4x3Dng8qDlSsZEet7g5Pq06MvTgw=="],

    "cookie": ["cookie@1.1.1", "", {}, "sha512-ei8Aos7ja0weRpFzJnEA9UHJ/7XQmqglbRwnf2ATjcB9Wq874VKH9kfjjirM6UhU2/E5fFYadylyhFldcqSidQ=="],

    "detect-libc": ["detect-libc@2.1.2", "", {}, "sha512-Btj2BOOO83o3WyH59e8MgXsxEQVcarkUOpEYrubB0urwnN10yQ364rsiByU11nZlqWYZm05i/of7io4mzihBtQ=="],

    "error-stack-parser-es": ["error-stack-parser-es@1.0.5", "", {}, "sha512-5qucVt2XcuGMcEGgWI7i+yZpmpByQ8J1lHhcL7PwqCwu9FPP3VUXzT4ltHe5i2z9dePwEHcDVOAfSnHsOlCXRA=="],

    "esbuild": ["esbuild@0.27.3", "", { "optionalDependencies": { "@esbuild/aix-ppc64": "0.27.3", "@esbuild/android-arm": "0.27.3", "@esbuild/android-arm64": "0.27.3", "@esbuild/android-x64": "0.27.3", "@esbuild/darwin-arm64": "0.27.3", "@esbuild/darwin-x64": "0.27.3", "@esbuild/freebsd-arm64": "0.27.3", "@esbuild/freebsd-x64": "0.27.3", "@esbuild/linux-arm": "0.27.3", "@esbuild/linux-arm64": "0.27.3", "@esbuild/linux-ia32": "0.27.3", "@esbuild/linux-loong64": "0.27.3", "@esbuild/linux-mips64el": "0.27.3", "@esbuild/linux-ppc64": "0.27.3", "@esbuild/linux-riscv64": "0.27.3", "@esbuild/linux-s390x": "0.27.3", "@esbuild/linux-x64": "0.27.3", "@esbuild/netbsd-arm64": "0.27.3", "@esbuild/netbsd-x64": "0.27.3", "@esbuild/openbsd-arm64": "0.27.3", "@esbuild/openbsd-x64": "0.27.3", "@esbuild/openharmony-arm64": "0.27.3", "@esbuild/sunos-x64": "0.27.3", "@esbuild/win32-arm64": "0.27.3", "@esbuild/win32-ia32": "0.27.3", "@esbuild/win32-x64": "0.27.3" }, "bin": { "esbuild": "bin/esbuild" } }, "sha512-8VwMnyGCONIs6cWue2IdpHxHnAjzxnw2Zr7MkVxB2vjmQ2ivqGFb4LEG3SMnv0Gb2F/G/2yA8zUaiL1gywDCCg=="],

    "fastestsmallesttextencoderdecoder": ["fastestsmallesttextencoderdecoder@1.0.22", "", {}, "sha512-Pb8d48e+oIuY4MaM64Cd7OW1gt4nxCHs7/ddPPZ/Ic3sg8yVGM7O9wDvZ7us6ScaUupzM+pfBolwtYhN1IxBIw=="],

    "fsevents": ["fsevents@2.3.3", "", { "os": "darwin" }, "sha512-5xoDfX+fL7faATnagmWPpbFtwh/R77WmMMqqHGS65C3vvB0YHrgF+B1YmZ3441tMj5n63k0212XNoJwzlhffQw=="],

    "kleur": ["kleur@4.1.5", "", {}, "sha512-o+NO+8WrRiQEE4/7nwRJhN1HWpVmJm511pBHUxPLtp0BUISzlBplORYSmTclCnJvQq2tKu/sgl3xVpkc7ZWuQQ=="],

    "miniflare": ["miniflare@4.20260329.0", "", { "dependencies": { "@cspotcode/source-map-support": "0.8.1", "sharp": "^0.34.5", "undici": "7.24.4", "workerd": "1.20260329.1", "ws": "8.18.0", "youch": "4.1.0-beta.10" }, "bin": { "miniflare": "bootstrap.js" } }, "sha512-+G+1YFVeuEpw/gZZmUHQR7IfzJV+DDGvnSl0yXzhgvHh8Nbr8Go5uiWIwl17EyZ1Uors3FKUMDUyU6+ejeKZOw=="],

    "node-gyp-build": ["node-gyp-build@4.8.4", "", { "bin": { "node-gyp-build": "bin.js", "node-gyp-build-optional": "optional.js", "node-gyp-build-test": "build-test.js" } }, "sha512-LA4ZjwlnUblHVgq0oBF3Jl/6h/Nvs5fzBLwdEF4nuxnFdsfajde4WfxtJr3CaiH+F6ewcIB/q4jQ4UzPyid+CQ=="],

    "path-to-regexp": ["path-to-regexp@6.3.0", "", {}, "sha512-Yhpw4T9C6hPpgPeA28us07OJeqZ5EzQTkbfwuhsUg0c237RomFoETJgmp2sa3F/41gfLE6G5cqcYwznmeEeOlQ=="],

    "pathe": ["pathe@2.0.3", "", {}, "sha512-WUjGcAqP1gQacoQe+OBJsFA7Ld4DyXuUIjZ5cc75cLHvJ7dtNsTugphxIADwspS+AraAUePCKrSVtPLFj/F88w=="],

    "semver": ["semver@7.7.4", "", { "bin": { "semver": "bin/semver.js" } }, "sha512-vFKC2IEtQnVhpT78h1Yp8wzwrf8CM+MzKMHGJZfBtzhZNycRFnXsHk6E5TxIkkMsgNS7mdX3AGB7x2QM2di4lA=="],

    "sharp": ["sharp@0.34.5", "", { "dependencies": { "@img/colour": "^1.0.0", "detect-libc": "^2.1.2", "semver": "^7.7.3" }, "optionalDependencies": { "@img/sharp-darwin-arm64": "0.34.5", "@img/sharp-darwin-x64": "0.34.5", "@img/sharp-libvips-darwin-arm64": "1.2.4", "@img/sharp-libvips-darwin-x64": "1.2.4", "@img/sharp-libvips-linux-arm": "1.2.4", "@img/sharp-libvips-linux-arm64": "1.2.4", "@img/sharp-libvips-linux-ppc64": "1.2.4", "@img/sharp-libvips-linux-riscv64": "1.2.4", "@img/sharp-libvips-linux-s390x": "1.2.4", "@img/sharp-libvips-linux-x64": "1.2.4", "@img/sharp-libvips-linuxmusl-arm64": "1.2.4", "@img/sharp-libvips-linuxmusl-x64": "1.2.4", "@img/sharp-linux-arm": "0.34.5", "@img/sharp-linux-arm64": "0.34.5", "@img/sharp-linux-ppc64": "0.34.5", "@img/sharp-linux-riscv64": "0.34.5", "@img/sharp-linux-s390x": "0.34.5", "@img/sharp-linux-x64": "0.34.5", "@img/sharp-linuxmusl-arm64": "0.34.5", "@img/sharp-linuxmusl-x64": "0.34.5", "@img/sharp-wasm32": "0.34.5", "@img/sharp-win32-arm64": "0.34.5", "@img/sharp-win32-ia32": "0.34.5", "@img/sharp-win32-x64": "0.34.5" } }, "sha512-Ou9I5Ft9WNcCbXrU9cMgPBcCK8LiwLqcbywW3t4oDV37n1pzpuNLsYiAV8eODnjbtQlSDwZ2cUEeQz4E54Hltg=="],

    "supports-color": ["supports-color@10.2.2", "", {}, "sha512-SS+jx45GF1QjgEXQx4NJZV9ImqmO2NPz5FNsIHrsDjh2YsHnawpan7SNQ1o8NuhrbHZy9AZhIoCUiCeaW/C80g=="],

    "tslib": ["tslib@2.8.1", "", {}, "sha512-oJFu94HQb+KVduSUQL7wnpmqnfmLsOA/nAh6b6EH0wCEoK0/mPeXU6c3wKDV83MkOuHPRHtSXKKU99IBazS/2w=="],

    "typescript": ["typescript@6.0.2", "", { "bin": { "tsc": "bin/tsc", "tsserver": "bin/tsserver" } }, "sha512-bGdAIrZ0wiGDo5l8c++HWtbaNCWTS4UTv7RaTH/ThVIgjkveJt83m74bBHMJkuCbslY8ixgLBVZJIOiQlQTjfQ=="],

    "undici": ["undici@7.24.4", "", {}, "sha512-BM/JzwwaRXxrLdElV2Uo6cTLEjhSb3WXboncJamZ15NgUURmvlXvxa6xkwIOILIjPNo9i8ku136ZvWV0Uly8+w=="],

    "undici-types": ["undici-types@7.24.6", "", {}, "sha512-WRNW+sJgj5OBN4/0JpHFqtqzhpbnV0GuB+OozA9gCL7a993SmU+1JBZCzLNxYsbMfIeDL+lTsphD5jN5N+n0zg=="],

    "unenv": ["unenv@2.0.0-rc.24", "", { "dependencies": { "pathe": "^2.0.3" } }, "sha512-i7qRCmY42zmCwnYlh9H2SvLEypEFGye5iRmEMKjcGi7zk9UquigRjFtTLz0TYqr0ZGLZhaMHl/foy1bZR+Cwlw=="],

    "utf-8-validate": ["utf-8-validate@6.0.6", "", { "dependencies": { "node-gyp-build": "^4.3.0" } }, "sha512-q3l3P9UtEEiAHcsgsqTgf9PPjctrDWoIXW3NpOHFdRDbLvu4DLIcxHangJ4RLrWkBcKjmcs/6NkerI8T/rE4LA=="],

    "workerd": ["workerd@1.20260329.1", "", { "optionalDependencies": { "@cloudflare/workerd-darwin-64": "1.20260329.1", "@cloudflare/workerd-darwin-arm64": "1.20260329.1", "@cloudflare/workerd-linux-64": "1.20260329.1", "@cloudflare/workerd-linux-arm64": "1.20260329.1", "@cloudflare/workerd-windows-64": "1.20260329.1" }, "bin": { "workerd": "bin/workerd" } }, "sha512-+ifMv3uBuD33ee7pan5n8+sgVxm2u5HnbgfXzHKwMNTKw86znqBJSnJoBqtP88+2T5U2Lu11xXUt+khPYioXwQ=="],

    "wrangler": ["wrangler@4.79.0", "", { "dependencies": { "@cloudflare/kv-asset-handler": "0.4.2", "@cloudflare/unenv-preset": "2.16.0", "blake3-wasm": "2.1.5", "esbuild": "0.27.3", "miniflare": "4.20260329.0", "path-to-regexp": "6.3.0", "unenv": "2.0.0-rc.24", "workerd": "1.20260329.1" }, "optionalDependencies": { "fsevents": "~2.3.2" }, "peerDependencies": { "@cloudflare/workers-types": "^4.20260329.1" }, "optionalPeers": ["@cloudflare/workers-types"], "bin": { "wrangler": "bin/wrangler.js", "wrangler2": "bin/wrangler.js" } }, "sha512-NMinIdB1pXIqdk+NLw4+RjzB7K5z4+lWMxhTxFTfZomwJu3Pm6N+kZ+a66D3nI7w0oCjsdv/umrZVmSHCBp2cg=="],

    "ws": ["ws@8.18.0", "", { "peerDependencies": { "bufferutil": "^4.0.1", "utf-8-validate": ">=5.0.2" }, "optionalPeers": ["bufferutil", "utf-8-validate"] }, "sha512-8VbfWfHLbbwu3+N6OKsOMpBdT4kXPDDB9cJk2bJ6mh9ucxdlnNvH1e+roYkKmN9Nxw2yjz7VzeO9oOz2zJ04Pw=="],

    "youch": ["youch@4.1.0-beta.10", "", { "dependencies": { "@poppinss/colors": "^4.1.5", "@poppinss/dumper": "^0.6.4", "@speed-highlight/core": "^1.2.7", "cookie": "^1.0.2", "youch-core": "^0.3.3" } }, "sha512-rLfVLB4FgQneDr0dv1oddCVZmKjcJ6yX6mS4pU82Mq/Dt9a3cLZQ62pDBL4AUO+uVrCvtWz3ZFUL2HFAFJ/BXQ=="],

    "youch-core": ["youch-core@0.3.3", "", { "dependencies": { "@poppinss/exception": "^1.2.2", "error-stack-parser-es": "^1.0.5" } }, "sha512-ho7XuGjLaJ2hWHoK8yFnsUGy2Y5uDpqSTq1FkHLK4/oqKtyUU1AFbOOxY4IpC9f0fTLjwYbslUz0Po5BpD1wrA=="],

    "@solana/rpc-subscriptions-channel-websocket/ws": ["ws@8.20.0", "", { "peerDependencies": { "bufferutil": "^4.0.1", "utf-8-validate": ">=5.0.2" }, "optionalPeers": ["bufferutil", "utf-8-validate"] }, "sha512-sAt8BhgNbzCtgGbt2OxmpuryO63ZoDk/sqaB/znQm94T4fCEsy/yV+7CdC1kJhOU9lboAEU7R3kquuycDoibVA=="],
  }
}
